// !$*UTF8*$!
{
	archiveVersion = 1;
	classes = {
	};
	objectVersion = 46;
	objects = {

/* Begin PBXFileReference section */
		05EA7D611472FABA0087238B /* LICENSE.txt */ = {isa = PBXFileReference; fileEncoding = 4; lastKnownFileType = text; path = LICENSE.txt; sourceTree = "<group>"; };
		05EA7D621472FABA0087238B /* makefile */ = {isa = PBXFileReference; fileEncoding = 4; lastKnownFileType = sourcecode.make; path = makefile; sourceTree = "<group>"; };
		05EA7D641472FABA0087238B /* C++.mk */ = {isa = PBXFileReference; fileEncoding = 4; lastKnownFileType = text; path = "C++.mk"; sourceTree = "<group>"; };
		05EA7D651472FABA0087238B /* C.mk */ = {isa = PBXFileReference; fileEncoding = 4; lastKnownFileType = text; path = C.mk; sourceTree = "<group>"; };
		05EA7D661472FABA0087238B /* Objective-C.mk */ = {isa = PBXFileReference; fileEncoding = 4; lastKnownFileType = text; path = "Objective-C.mk"; sourceTree = "<group>"; };
		05EA7D671472FABA0087238B /* makefile-config.mk */ = {isa = PBXFileReference; fileEncoding = 4; lastKnownFileType = text; path = "makefile-config.mk"; sourceTree = "<group>"; };
		05EA7D691472FABA0087238B /* en.mk */ = {isa = PBXFileReference; fileEncoding = 4; lastKnownFileType = text; path = en.mk; sourceTree = "<group>"; };
		05EA7D6A1472FABA0087238B /* fr.mk */ = {isa = PBXFileReference; fileEncoding = 4; lastKnownFileType = text; path = fr.mk; sourceTree = "<group>"; };
		05EA7D6C1472FABA0087238B /* host-manager.m */ = {isa = PBXFileReference; fileEncoding = 4; lastKnownFileType = sourcecode.c.objc; path = "host-manager.m"; sourceTree = "<group>"; };
		05EA7D781472FD300087238B /* HostFileEntry.h */ = {isa = PBXFileReference; fileEncoding = 4; lastKnownFileType = sourcecode.c.h; path = HostFileEntry.h; sourceTree = "<group>"; };
		05EA7D791472FD300087238B /* HostFileEntry.m */ = {isa = PBXFileReference; fileEncoding = 4; lastKnownFileType = sourcecode.c.objc; path = HostFileEntry.m; sourceTree = "<group>"; };
		05EA7D7B1472FD3D0087238B /* HostFile.h */ = {isa = PBXFileReference; fileEncoding = 4; lastKnownFileType = sourcecode.c.h; path = HostFile.h; sourceTree = "<group>"; };
		05EA7D7C1472FD3D0087238B /* HostFile.m */ = {isa = PBXFileReference; fileEncoding = 4; lastKnownFileType = sourcecode.c.objc; path = HostFile.m; sourceTree = "<group>"; };
/* End PBXFileReference section */

/* Begin PBXGroup section */
		0536376E1472F99E00EAE7B5 = {
			isa = PBXGroup;
			children = (
				05EA7D611472FABA0087238B /* LICENSE.txt */,
				05EA7D621472FABA0087238B /* makefile */,
				05EA7D631472FABA0087238B /* makefile-code */,
				05EA7D671472FABA0087238B /* makefile-config.mk */,
				05EA7D681472FABA0087238B /* makefile-lang */,
				05EA7D6B1472FABA0087238B /* source */,
			);
			sourceTree = "<group>";
		};
		05EA7D631472FABA0087238B /* makefile-code */ = {
			isa = PBXGroup;
			children = (
				05EA7D641472FABA0087238B /* C++.mk */,
				05EA7D651472FABA0087238B /* C.mk */,
				05EA7D661472FABA0087238B /* Objective-C.mk */,
			);
			path = "makefile-code";
			sourceTree = "<group>";
		};
		05EA7D681472FABA0087238B /* makefile-lang */ = {
			isa = PBXGroup;
			children = (
				05EA7D691472FABA0087238B /* en.mk */,
				05EA7D6A1472FABA0087238B /* fr.mk */,
			);
			path = "makefile-lang";
			sourceTree = "<group>";
		};
		05EA7D6B1472FABA0087238B /* source */ = {
			isa = PBXGroup;
			children = (
				05EA7D6C1472FABA0087238B /* host-manager.m */,
				05EA7D781472FD300087238B /* HostFileEntry.h */,
				05EA7D791472FD300087238B /* HostFileEntry.m */,
				05EA7D7B1472FD3D0087238B /* HostFile.h */,
				05EA7D7C1472FD3D0087238B /* HostFile.m */,
				05EA7D6D1472FABA0087238B /* include */,
				05EA7D6E1472FABA0087238B /* lib */,
			);
			path = source;
			sourceTree = "<group>";
		};
		05EA7D6D1472FABA0087238B /* include */ = {
			isa = PBXGroup;
			children = (
			);
			path = include;
			sourceTree = "<group>";
		};
		05EA7D6E1472FABA0087238B /* lib */ = {
			isa = PBXGroup;
			children = (
				05EA7D6F1472FABA0087238B /* include */,
			);
			path = lib;
			sourceTree = "<group>";
		};
		05EA7D6F1472FABA0087238B /* include */ = {
			isa = PBXGroup;
			children = (
			);
			path = include;
			sourceTree = "<group>";
		};
/* End PBXGroup section */

/* Begin PBXLegacyTarget section */
		053637751472F99E00EAE7B5 /* host-manager */ = {
			isa = PBXLegacyTarget;
			buildArgumentsString = "$(ACTION)";
			buildConfigurationList = 053637781472F99E00EAE7B5 /* Build configuration list for PBXLegacyTarget "host-manager" */;
			buildPhases = (
			);
			buildToolPath = /usr/bin/make;
			dependencies = (
			);
			name = "host-manager";
			passBuildSettingsInEnvironment = 1;
			productName = "host-manager";
		};
/* End PBXLegacyTarget section */

/* Begin PBXProject section */
		053637701472F99E00EAE7B5 /* Project object */ = {
			isa = PBXProject;
			attributes = {
				LastUpgradeCheck = 0420;
				ORGANIZATIONNAME = DigiDNA;
			};
			buildConfigurationList = 053637731472F99E00EAE7B5 /* Build configuration list for PBXProject "host-manager" */;
			compatibilityVersion = "Xcode 3.2";
			developmentRegion = English;
			hasScannedForEncodings = 0;
			knownRegions = (
				en,
			);
			mainGroup = 0536376E1472F99E00EAE7B5;
			projectDirPath = "";
			projectRoot = "";
			targets = (
				053637751472F99E00EAE7B5 /* host-manager */,
			);
		};
/* End PBXProject section */

/* Begin XCBuildConfiguration section */
		053637761472F99E00EAE7B5 /* Debug */ = {
			isa = XCBuildConfiguration;
			buildSettings = {
				ALWAYS_SEARCH_USER_PATHS = NO;
				ARCHS = "$(ARCHS_STANDARD_64_BIT)";
				COPY_PHASE_STRIP = NO;
				GCC_C_LANGUAGE_STANDARD = gnu99;
				GCC_DYNAMIC_NO_PIC = NO;
				GCC_ENABLE_OBJC_EXCEPTIONS = YES;
				GCC_OPTIMIZATION_LEVEL = 0;
				GCC_PREPROCESSOR_DEFINITIONS = (
					"DEBUG=1",
					"$(inherited)",
				);
				GCC_SYMBOLS_PRIVATE_EXTERN = NO;
				GCC_VERSION = com.apple.compilers.llvm.clang.1_0;
				GCC_WARN_64_TO_32_BIT_CONVERSION = YES;
				GCC_WARN_ABOUT_MISSING_PROTOTYPES = YES;
				GCC_WARN_ABOUT_RETURN_TYPE = YES;
				GCC_WARN_UNUSED_VARIABLE = YES;
				MACOSX_DEPLOYMENT_TARGET = 10.7;
				ONLY_ACTIVE_ARCH = YES;
				SDKROOT = macosx;
			};
			name = Debug;
		};
		053637771472F99E00EAE7B5 /* Release */ = {
			isa = XCBuildConfiguration;
			buildSettings = {
				ALWAYS_SEARCH_USER_PATHS = NO;
				ARCHS = "$(ARCHS_STANDARD_64_BIT)";
				COPY_PHASE_STRIP = YES;
				DEBUG_INFORMATION_FORMAT = "dwarf-with-dsym";
				GCC_C_LANGUAGE_STANDARD = gnu99;
				GCC_ENABLE_OBJC_EXCEPTIONS = YES;
				GCC_VERSION = com.apple.compilers.llvm.clang.1_0;
				GCC_WARN_64_TO_32_BIT_CONVERSION = YES;
				GCC_WARN_ABOUT_MISSING_PROTOTYPES = YES;
				GCC_WARN_ABOUT_RETURN_TYPE = YES;
				GCC_WARN_UNUSED_VARIABLE = YES;
				MACOSX_DEPLOYMENT_TARGET = 10.7;
				SDKROOT = macosx;
			};
			name = Release;
		};
		053637791472F99E00EAE7B5 /* Debug */ = {
			isa = XCBuildConfiguration;
			buildSettings = {
				DEBUGGING_SYMBOLS = YES;
				GCC_GENERATE_DEBUGGING_SYMBOLS = YES;
				GCC_OPTIMIZATION_LEVEL = 0;
				OTHER_CFLAGS = "";
				OTHER_LDFLAGS = "";
				PRODUCT_NAME = "$(TARGET_NAME)";
			};
			name = Debug;
		};
		0536377A1472F99E00EAE7B5 /* Release */ = {
			isa = XCBuildConfiguration;
			buildSettings = {
				OTHER_CFLAGS = "";
				OTHER_LDFLAGS = "";
				PRODUCT_NAME = "$(TARGET_NAME)";
			};
			name = Release;
		};
/* End XCBuildConfiguration section */

/* Begin XCConfigurationList section */
		053637731472F99E00EAE7B5 /* Build configuration list for PBXProject "host-manager" */ = {
			isa = XCConfigurationList;
			buildConfigurations = (
				053637761472F99E00EAE7B5 /* Debug */,
				053637771472F99E00EAE7B5 /* Release */,
			);
			defaultConfigurationIsVisible = 0;
			defaultConfigurationName = Release;
		};
		053637781472F99E00EAE7B5 /* Build configuration list for PBXLegacyTarget "host-manager" */ = {
			isa = XCConfigurationList;
			buildConfigurations = (
				053637791472F99E00EAE7B5 /* Debug */,
				0536377A1472F99E00EAE7B5 /* Release */,
			);
			defaultConfigurationIsVisible = 0;
			defaultConfigurationName = Release;
		};
/* End XCConfigurationList section */
	};
	rootObject = 053637701472F99E00EAE7B5 /* Project object */;
}
